{
  "name": "intrauto",
  "version": "0.0.1",
  "lockfileVersion": 2,
  "requires": true,
  "packages": {
    "": {
      "name": "intrauto",
      "version": "0.0.1",
      "license": "unknown",
      "dependencies": {
        "shugar": "^0.0.4"
      },
      "devDependencies": {
        "coffeescript": "^2.7.0"
      }
    },
    "node_modules/coffeescript": {
      "version": "2.7.0",
      "resolved": "https://registry.npmjs.org/coffeescript/-/coffeescript-2.7.0.tgz",
      "integrity": "sha512-hzWp6TUE2d/jCcN67LrW1eh5b/rSDKQK6oD6VMLlggYVUUFexgTH9z3dNYihzX4RMhze5FTUsUmOXViJKFQR/A==",
      "dev": true,
      "bin": {
        "cake": "bin/cake",
        "coffee": "bin/coffee"
      },
      "engines": {
        "node": ">=6"
      }
    },
    "node_modules/shugar": {
      "version": "0.0.4",
      "resolved": "https://registry.npmjs.org/shugar/-/shugar-0.0.4.tgz",
      "integrity": "sha512-MRaocA9yNs3CqYQgydndWS170WdSajnm4khjgYP9XBPn9dNK82E9vJVXD83YoOmAOu9lbfvBA+nus8m56ujFwQ=="
    }
  },
  "dependencies": {
    "coffeescript": {
      "version": "2.7.0",
      "resolved": "https://registry.npmjs.org/coffeescript/-/coffeescript-2.7.0.tgz",
      "integrity": "sha512-hzWp6TUE2d/jCcN67LrW1eh5b/rSDKQK6oD6VMLlggYVUUFexgTH9z3dNYihzX4RMhze5FTUsUmOXViJKFQR/A==",
      "dev": true
    },
    "shugar": {
      "version": "0.0.4",
      "resolved": "https://registry.npmjs.org/shugar/-/shugar-0.0.4.tgz",
      "integrity": "sha512-MRaocA9yNs3CqYQgydndWS170WdSajnm4khjgYP9XBPn9dNK82E9vJVXD83YoOmAOu9lbfvBA+nus8m56ujFwQ=="
    }
  }
}
