{
  "name": "intrauto",
  "version": "0.0.1",
  "lockfileVersion": 2,
  "requires": true,
  "packages": {
    "": {
      "name": "intrauto",
      "version": "0.0.1",
      "license": "unknown",
      "dependencies": {
        "raffinade": "^0.0.5"
      },
      "devDependencies": {
        "coffeescript": "^2.7.0"
      }
    },
    "node_modules/coffeescript": {
      "version": "2.7.0",
      "resolved": "https://registry.npmjs.org/coffeescript/-/coffeescript-2.7.0.tgz",
      "integrity": "sha512-hzWp6TUE2d/jCcN67LrW1eh5b/rSDKQK6oD6VMLlggYVUUFexgTH9z3dNYihzX4RMhze5FTUsUmOXViJKFQR/A==",
      "dev": true,
      "bin": {
        "cake": "bin/cake",
        "coffee": "bin/coffee"
      },
      "engines": {
        "node": ">=6"
      }
    },
    "node_modules/raffinade": {
      "version": "0.0.5",
      "resolved": "https://registry.npmjs.org/raffinade/-/raffinade-0.0.5.tgz",
      "integrity": "sha512-ljC2IS9wveZCz2gsYpxNTi9sYhQmM8XYcW2Obxt+WhniBUjpgqTINtfGGVVuV8x4OgaHuuYOlsRdOyMlvyig/g=="
    }
  },
  "dependencies": {
    "coffeescript": {
      "version": "2.7.0",
      "resolved": "https://registry.npmjs.org/coffeescript/-/coffeescript-2.7.0.tgz",
      "integrity": "sha512-hzWp6TUE2d/jCcN67LrW1eh5b/rSDKQK6oD6VMLlggYVUUFexgTH9z3dNYihzX4RMhze5FTUsUmOXViJKFQR/A==",
      "dev": true
    },
    "raffinade": {
      "version": "0.0.5",
      "resolved": "https://registry.npmjs.org/raffinade/-/raffinade-0.0.5.tgz",
      "integrity": "sha512-ljC2IS9wveZCz2gsYpxNTi9sYhQmM8XYcW2Obxt+WhniBUjpgqTINtfGGVVuV8x4OgaHuuYOlsRdOyMlvyig/g=="
    }
  }
}
